
Microsoft Visual Studio Solution File, Format Version 12.00
# Visual Studio 2012
Project("{FAE04EC0-301F-11D3-BF4B-00C04F79EFBC}") = "Operators", "Operators\Operators.csproj", "{CD897276-3F7F-43D0-9EE5-1D6C26C166B5}"
EndProject
Global
	GlobalSection(SolutionConfigurationPlatforms) = preSolution
		Debug|x86 = Debug|x86
		Release|x86 = Release|x86
	EndGlobalSection
	GlobalSection(ProjectConfigurationPlatforms) = postSolution
		{CD897276-3F7F-43D0-9EE5-1D6C26C166B5}.Debug|x86.ActiveCfg = Debug|x86
		{CD897276-3F7F-43D0-9EE5-1D6C26C166B5}.Debug|x86.Build.0 = Debug|x86
		{CD897276-3F7F-43D0-9EE5-1D6C26C166B5}.Release|x86.ActiveCfg = Release|x86
		{CD897276-3F7F-43D0-9EE5-1D6C26C166B5}.Release|x86.Build.0 = Release|x86
	EndGlobalSection
EndGlobal
